
Microsoft Visual Studio Solution File, Format Version 12.00
# Visual Studio Version 16
VisualStudioVersion = 16.0.29025.244
MinimumVisualStudioVersion = 10.0.40219.1
Project("{9A19103F-16F7-4668-BE54-9A1E7A4F7556}") = "smo.kek.tech", "smo.kek.tech\smo.kek.tech.csproj", "{B0A42B34-2B31-448E-A74E-BBBA86DE0130}"
EndProject
Project("{2150E333-8FDC-42A3-9474-1A3956D46DE8}") = "Api", "Api", "{79FDED55-34B8-4189-83D6-746D7B5E0480}"
EndProject
Global
	GlobalSection(SolutionConfigurationPlatforms) = preSolution
		Debug|Any CPU = Debug|Any CPU
		Release|Any CPU = Release|Any CPU
	EndGlobalSection
	GlobalSection(ProjectConfigurationPlatforms) = postSolution
		{B0A42B34-2B31-448E-A74E-BBBA86DE0130}.Debug|Any CPU.ActiveCfg = Debug|Any CPU
		{B0A42B34-2B31-448E-A74E-BBBA86DE0130}.Debug|Any CPU.Build.0 = Debug|Any CPU
		{B0A42B34-2B31-448E-A74E-BBBA86DE0130}.Release|Any CPU.ActiveCfg = Release|Any CPU
		{B0A42B34-2B31-448E-A74E-BBBA86DE0130}.Release|Any CPU.Build.0 = Release|Any CPU
	EndGlobalSection
	GlobalSection(SolutionProperties) = preSolution
		HideSolutionNode = FALSE
	EndGlobalSection
	GlobalSection(NestedProjects) = preSolution
		{B0A42B34-2B31-448E-A74E-BBBA86DE0130} = {79FDED55-34B8-4189-83D6-746D7B5E0480}
	EndGlobalSection
	GlobalSection(ExtensibilityGlobals) = postSolution
		SolutionGuid = {B9E58F1C-C021-4BCF-9969-8DC29B7A3817}
	EndGlobalSection
EndGlobal
